
Microsoft Visual Studio Solution File, Format Version 12.00
# Visual Studio Version 17
VisualStudioVersion = 17.6.33815.320
MinimumVisualStudioVersion = 10.0.40219.1
Project("{FAE04EC0-301F-11D3-BF4B-00C04F79EFBC}") = "AppsControl_Inventario", "AppsControl_Inventario.csproj", "{BDBA8408-C608-41B0-A70E-E291C3DF49C6}"
EndProject
Global
	GlobalSection(SolutionConfigurationPlatforms) = preSolution
		Debug|Any CPU = Debug|Any CPU
		Release|Any CPU = Release|Any CPU
	EndGlobalSection
	GlobalSection(ProjectConfigurationPlatforms) = postSolution
		{BDBA8408-C608-41B0-A70E-E291C3DF49C6}.Debug|Any CPU.ActiveCfg = Debug|Any CPU
		{BDBA8408-C608-41B0-A70E-E291C3DF49C6}.Debug|Any CPU.Build.0 = Debug|Any CPU
		{BDBA8408-C608-41B0-A70E-E291C3DF49C6}.Release|Any CPU.ActiveCfg = Release|Any CPU
		{BDBA8408-C608-41B0-A70E-E291C3DF49C6}.Release|Any CPU.Build.0 = Release|Any CPU
	EndGlobalSection
	GlobalSection(SolutionProperties) = preSolution
		HideSolutionNode = FALSE
	EndGlobalSection
	GlobalSection(ExtensibilityGlobals) = postSolution
		SolutionGuid = {474E58FD-2CD0-4879-A71B-3DA8A20997C2}
	EndGlobalSection
EndGlobal
